// !$*UTF8*$!
{
	archiveVersion = 1;
	classes = {
	};
	objectVersion = 46;
	objects = {

/* Begin PBXBuildFile section */
		0A1DE090195E989300ADF2FD /* Foundation.framework in Frameworks */ = {isa = PBXBuildFile; fileRef = 0A1DE08F195E989300ADF2FD /* Foundation.framework */; };
		0A1DE092195E989300ADF2FD /* CoreGraphics.framework in Frameworks */ = {isa = PBXBuildFile; fileRef = 0A1DE091195E989300ADF2FD /* CoreGraphics.framework */; };
		0A1DE094195E989300ADF2FD /* UIKit.framework in Frameworks */ = {isa = PBXBuildFile; fileRef = 0A1DE093195E989300ADF2FD /* UIKit.framework */; };
		0A1DE096195E989300ADF2FD /* CoreData.framework in Frameworks */ = {isa = PBXBuildFile; fileRef = 0A1DE095195E989300ADF2FD /* CoreData.framework */; };
		0A1DE09C195E989300ADF2FD /* InfoPlist.strings in Resources */ = {isa = PBXBuildFile; fileRef = 0A1DE09A195E989300ADF2FD /* InfoPlist.strings */; };
		0A1DE09E195E989300ADF2FD /* main.m in Sources */ = {isa = PBXBuildFile; fileRef = 0A1DE09D195E989300ADF2FD /* main.m */; };
		0A1DE0A2195E989300ADF2FD /* AppDelegate.m in Sources */ = {isa = PBXBuildFile; fileRef = 0A1DE0A1195E989300ADF2FD /* AppDelegate.m */; };
		0A1DE0A5195E989300ADF2FD /* kidname.xcdatamodeld in Sources */ = {isa = PBXBuildFile; fileRef = 0A1DE0A3195E989300ADF2FD /* kidname.xcdatamodeld */; };
		0A1DE0A7195E989300ADF2FD /* Images.xcassets in Resources */ = {isa = PBXBuildFile; fileRef = 0A1DE0A6195E989300ADF2FD /* Images.xcassets */; };
		0A1DE0AE195E989400ADF2FD /* XCTest.framework in Frameworks */ = {isa = PBXBuildFile; fileRef = 0A1DE0AD195E989400ADF2FD /* XCTest.framework */; };
		0A1DE0AF195E989400ADF2FD /* Foundation.framework in Frameworks */ = {isa = PBXBuildFile; fileRef = 0A1DE08F195E989300ADF2FD /* Foundation.framework */; };
		0A1DE0B0195E989400ADF2FD /* UIKit.framework in Frameworks */ = {isa = PBXBuildFile; fileRef = 0A1DE093195E989300ADF2FD /* UIKit.framework */; };
		0A1DE0B1195E989400ADF2FD /* CoreData.framework in Frameworks */ = {isa = PBXBuildFile; fileRef = 0A1DE095195E989300ADF2FD /* CoreData.framework */; };
		0A1DE0B9195E989400ADF2FD /* InfoPlist.strings in Resources */ = {isa = PBXBuildFile; fileRef = 0A1DE0B7195E989400ADF2FD /* InfoPlist.strings */; };
		0A1DE0BB195E989400ADF2FD /* kidnameTests.m in Sources */ = {isa = PBXBuildFile; fileRef = 0A1DE0BA195E989400ADF2FD /* kidnameTests.m */; };
		0A1DE0C6195E9C5300ADF2FD /* kidnameViewController.m in Sources */ = {isa = PBXBuildFile; fileRef = 0A1DE0C5195E9C5300ADF2FD /* kidnameViewController.m */; };
		0A1DE0C7195E9C5300ADF2FD /* kidnameViewController.m in Sources */ = {isa = PBXBuildFile; fileRef = 0A1DE0C5195E9C5300ADF2FD /* kidnameViewController.m */; };
		0A1DE0CA195E9D8600ADF2FD /* Numbers.m in Sources */ = {isa = PBXBuildFile; fileRef = 0A1DE0C9195E9D8600ADF2FD /* Numbers.m */; };
		0A1DE0CB195E9D8600ADF2FD /* Numbers.m in Sources */ = {isa = PBXBuildFile; fileRef = 0A1DE0C9195E9D8600ADF2FD /* Numbers.m */; };
		0A1DE0D4195ED48E00ADF2FD /* Storyboard.storyboard in Resources */ = {isa = PBXBuildFile; fileRef = 0A1DE0D3195ED48E00ADF2FD /* Storyboard.storyboard */; };
		0A1DE0D5195ED48E00ADF2FD /* Storyboard.storyboard in Resources */ = {isa = PBXBuildFile; fileRef = 0A1DE0D3195ED48E00ADF2FD /* Storyboard.storyboard */; };
		0A1DE0D8195ED55400ADF2FD /* secondViewController.m in Sources */ = {isa = PBXBuildFile; fileRef = 0A1DE0D7195ED55400ADF2FD /* secondViewController.m */; };
		0A1DE0D9195ED55400ADF2FD /* secondViewController.m in Sources */ = {isa = PBXBuildFile; fileRef = 0A1DE0D7195ED55400ADF2FD /* secondViewController.m */; };
		0A1DE0DF195EF88800ADF2FD /* AcousticModelEnglish.bundle in Resources */ = {isa = PBXBuildFile; fileRef = 0A1DE0DE195EF88800ADF2FD /* AcousticModelEnglish.bundle */; };
		0A1DE0E1195EF88E00ADF2FD /* AcousticModelSpanish.bundle in Resources */ = {isa = PBXBuildFile; fileRef = 0A1DE0E0195EF88E00ADF2FD /* AcousticModelSpanish.bundle */; };
		0A1DE0E3195EF89600ADF2FD /* OpenEars.framework in Frameworks */ = {isa = PBXBuildFile; fileRef = 0A1DE0E2195EF89600ADF2FD /* OpenEars.framework */; };
		0A1DE0E5195EF89C00ADF2FD /* Slt.framework in Frameworks */ = {isa = PBXBuildFile; fileRef = 0A1DE0E4195EF89C00ADF2FD /* Slt.framework */; };
		0A1DE0E7195EF8BF00ADF2FD /* AudioToolbox.framework in Frameworks */ = {isa = PBXBuildFile; fileRef = 0A1DE0E6195EF8BF00ADF2FD /* AudioToolbox.framework */; };
/* End PBXBuildFile section */

/* Begin PBXContainerItemProxy section */
		0A1DE0B2195E989400ADF2FD /* PBXContainerItemProxy */ = {
			isa = PBXContainerItemProxy;
			containerPortal = 0A1DE084195E989300ADF2FD /* Project object */;
			proxyType = 1;
			remoteGlobalIDString = 0A1DE08B195E989300ADF2FD;
			remoteInfo = kidname;
		};
/* End PBXContainerItemProxy section */

/* Begin PBXFileReference section */
		0A1DE08C195E989300ADF2FD /* kidname.app */ = {isa = PBXFileReference; explicitFileType = wrapper.application; includeInIndex = 0; path = kidname.app; sourceTree = BUILT_PRODUCTS_DIR; };
		0A1DE08F195E989300ADF2FD /* Foundation.framework */ = {isa = PBXFileReference; lastKnownFileType = wrapper.framework; name = Foundation.framework; path = System/Library/Frameworks/Foundation.framework; sourceTree = SDKROOT; };
		0A1DE091195E989300ADF2FD /* CoreGraphics.framework */ = {isa = PBXFileReference; lastKnownFileType = wrapper.framework; name = CoreGraphics.framework; path = System/Library/Frameworks/CoreGraphics.framework; sourceTree = SDKROOT; };
		0A1DE093195E989300ADF2FD /* UIKit.framework */ = {isa = PBXFileReference; lastKnownFileType = wrapper.framework; name = UIKit.framework; path = System/Library/Frameworks/UIKit.framework; sourceTree = SDKROOT; };
		0A1DE095195E989300ADF2FD /* CoreData.framework */ = {isa = PBXFileReference; lastKnownFileType = wrapper.framework; name = CoreData.framework; path = System/Library/Frameworks/CoreData.framework; sourceTree = SDKROOT; };
		0A1DE099195E989300ADF2FD /* kidname-Info.plist */ = {isa = PBXFileReference; lastKnownFileType = text.plist.xml; path = "kidname-Info.plist"; sourceTree = "<group>"; };
		0A1DE09B195E989300ADF2FD /* en */ = {isa = PBXFileReference; lastKnownFileType = text.plist.strings; name = en; path = en.lproj/InfoPlist.strings; sourceTree = "<group>"; };
		0A1DE09D195E989300ADF2FD /* main.m */ = {isa = PBXFileReference; lastKnownFileType = sourcecode.c.objc; path = main.m; sourceTree = "<group>"; };
		0A1DE09F195E989300ADF2FD /* kidname-Prefix.pch */ = {isa = PBXFileReference; lastKnownFileType = sourcecode.c.h; path = "kidname-Prefix.pch"; sourceTree = "<group>"; };
		0A1DE0A0195E989300ADF2FD /* AppDelegate.h */ = {isa = PBXFileReference; lastKnownFileType = sourcecode.c.h; path = AppDelegate.h; sourceTree = "<group>"; };
		0A1DE0A1195E989300ADF2FD /* AppDelegate.m */ = {isa = PBXFileReference; lastKnownFileType = sourcecode.c.objc; path = AppDelegate.m; sourceTree = "<group>"; };
		0A1DE0A4195E989300ADF2FD /* kidname.xcdatamodel */ = {isa = PBXFileReference; lastKnownFileType = wrapper.xcdatamodel; path = kidname.xcdatamodel; sourceTree = "<group>"; };
		0A1DE0A6195E989300ADF2FD /* Images.xcassets */ = {isa = PBXFileReference; lastKnownFileType = folder.assetcatalog; path = Images.xcassets; sourceTree = "<group>"; };
		0A1DE0AC195E989400ADF2FD /* kidnameTests.xctest */ = {isa = PBXFileReference; explicitFileType = wrapper.cfbundle; includeInIndex = 0; path = kidnameTests.xctest; sourceTree = BUILT_PRODUCTS_DIR; };
		0A1DE0AD195E989400ADF2FD /* XCTest.framework */ = {isa = PBXFileReference; lastKnownFileType = wrapper.framework; name = XCTest.framework; path = Library/Frameworks/XCTest.framework; sourceTree = DEVELOPER_DIR; };
		0A1DE0B6195E989400ADF2FD /* kidnameTests-Info.plist */ = {isa = PBXFileReference; lastKnownFileType = text.plist.xml; path = "kidnameTests-Info.plist"; sourceTree = "<group>"; };
		0A1DE0B8195E989400ADF2FD /* en */ = {isa = PBXFileReference; lastKnownFileType = text.plist.strings; name = en; path = en.lproj/InfoPlist.strings; sourceTree = "<group>"; };
		0A1DE0BA195E989400ADF2FD /* kidnameTests.m */ = {isa = PBXFileReference; lastKnownFileType = sourcecode.c.objc; path = kidnameTests.m; sourceTree = "<group>"; };
		0A1DE0C4195E9C5300ADF2FD /* kidnameViewController.h */ = {isa = PBXFileReference; fileEncoding = 4; lastKnownFileType = sourcecode.c.h; path = kidnameViewController.h; sourceTree = "<group>"; };
		0A1DE0C5195E9C5300ADF2FD /* kidnameViewController.m */ = {isa = PBXFileReference; fileEncoding = 4; lastKnownFileType = sourcecode.c.objc; path = kidnameViewController.m; sourceTree = "<group>"; };
		0A1DE0C8195E9D8600ADF2FD /* Numbers.h */ = {isa = PBXFileReference; fileEncoding = 4; lastKnownFileType = sourcecode.c.h; path = Numbers.h; sourceTree = "<group>"; };
		0A1DE0C9195E9D8600ADF2FD /* Numbers.m */ = {isa = PBXFileReference; fileEncoding = 4; lastKnownFileType = sourcecode.c.objc; path = Numbers.m; sourceTree = "<group>"; };
		0A1DE0D3195ED48E00ADF2FD /* Storyboard.storyboard */ = {isa = PBXFileReference; fileEncoding = 4; lastKnownFileType = file.storyboard; path = Storyboard.storyboard; sourceTree = "<group>"; };
		0A1DE0D6195ED55400ADF2FD /* secondViewController.h */ = {isa = PBXFileReference; fileEncoding = 4; lastKnownFileType = sourcecode.c.h; path = secondViewController.h; sourceTree = "<group>"; };
		0A1DE0D7195ED55400ADF2FD /* secondViewController.m */ = {isa = PBXFileReference; fileEncoding = 4; lastKnownFileType = sourcecode.c.objc; path = secondViewController.m; sourceTree = "<group>"; };
		0A1DE0DE195EF88800ADF2FD /* AcousticModelEnglish.bundle */ = {isa = PBXFileReference; lastKnownFileType = "wrapper.plug-in"; path = AcousticModelEnglish.bundle; sourceTree = "<group>"; };
		0A1DE0E0195EF88E00ADF2FD /* AcousticModelSpanish.bundle */ = {isa = PBXFileReference; lastKnownFileType = "wrapper.plug-in"; path = AcousticModelSpanish.bundle; sourceTree = "<group>"; };
		0A1DE0E2195EF89600ADF2FD /* OpenEars.framework */ = {isa = PBXFileReference; lastKnownFileType = wrapper.framework; path = OpenEars.framework; sourceTree = "<group>"; };
		0A1DE0E4195EF89C00ADF2FD /* Slt.framework */ = {isa = PBXFileReference; lastKnownFileType = wrapper.framework; path = Slt.framework; sourceTree = "<group>"; };
		0A1DE0E6195EF8BF00ADF2FD /* AudioToolbox.framework */ = {isa = PBXFileReference; lastKnownFileType = wrapper.framework; name = AudioToolbox.framework; path = System/Library/Frameworks/AudioToolbox.framework; sourceTree = SDKROOT; };
/* End PBXFileReference section */

/* Begin PBXFrameworksBuildPhase section */
		0A1DE089195E989300ADF2FD /* Frameworks */ = {
			isa = PBXFrameworksBuildPhase;
			buildActionMask = 2147483647;
			files = (
				0A1DE0E7195EF8BF00ADF2FD /* AudioToolbox.framework in Frameworks */,
				0A1DE0E5195EF89C00ADF2FD /* Slt.framework in Frameworks */,
				0A1DE092195E989300ADF2FD /* CoreGraphics.framework in Frameworks */,
				0A1DE096195E989300ADF2FD /* CoreData.framework in Frameworks */,
				0A1DE0E3195EF89600ADF2FD /* OpenEars.framework in Frameworks */,
				0A1DE094195E989300ADF2FD /* UIKit.framework in Frameworks */,
				0A1DE090195E989300ADF2FD /* Foundation.framework in Frameworks */,
			);
			runOnlyForDeploymentPostprocessing = 0;
		};
		0A1DE0A9195E989400ADF2FD /* Frameworks */ = {
			isa = PBXFrameworksBuildPhase;
			buildActionMask = 2147483647;
			files = (
				0A1DE0AE195E989400ADF2FD /* XCTest.framework in Frameworks */,
				0A1DE0B1195E989400ADF2FD /* CoreData.framework in Frameworks */,
				0A1DE0B0195E989400ADF2FD /* UIKit.framework in Frameworks */,
				0A1DE0AF195E989400ADF2FD /* Foundation.framework in Frameworks */,
			);
			runOnlyForDeploymentPostprocessing = 0;
		};
/* End PBXFrameworksBuildPhase section */

/* Begin PBXGroup section */
		0A1DE083195E989300ADF2FD = {
			isa = PBXGroup;
			children = (
				0A1DE097195E989300ADF2FD /* kidname */,
				0A1DE0B4195E989400ADF2FD /* kidnameTests */,
				0A1DE08E195E989300ADF2FD /* Frameworks */,
				0A1DE08D195E989300ADF2FD /* Products */,
			);
			sourceTree = "<group>";
		};
		0A1DE08D195E989300ADF2FD /* Products */ = {
			isa = PBXGroup;
			children = (
				0A1DE08C195E989300ADF2FD /* kidname.app */,
				0A1DE0AC195E989400ADF2FD /* kidnameTests.xctest */,
			);
			name = Products;
			sourceTree = "<group>";
		};
		0A1DE08E195E989300ADF2FD /* Frameworks */ = {
			isa = PBXGroup;
			children = (
				0A1DE0E6195EF8BF00ADF2FD /* AudioToolbox.framework */,
				0A1DE0E4195EF89C00ADF2FD /* Slt.framework */,
				0A1DE0E2195EF89600ADF2FD /* OpenEars.framework */,
				0A1DE0E0195EF88E00ADF2FD /* AcousticModelSpanish.bundle */,
				0A1DE0DE195EF88800ADF2FD /* AcousticModelEnglish.bundle */,
				0A1DE08F195E989300ADF2FD /* Foundation.framework */,
				0A1DE091195E989300ADF2FD /* CoreGraphics.framework */,
				0A1DE093195E989300ADF2FD /* UIKit.framework */,
				0A1DE095195E989300ADF2FD /* CoreData.framework */,
				0A1DE0AD195E989400ADF2FD /* XCTest.framework */,
			);
			name = Frameworks;
			sourceTree = "<group>";
		};
		0A1DE097195E989300ADF2FD /* kidname */ = {
			isa = PBXGroup;
			children = (
				0A1DE0A0195E989300ADF2FD /* AppDelegate.h */,
				0A1DE0A1195E989300ADF2FD /* AppDelegate.m */,
				0A1DE0C4195E9C5300ADF2FD /* kidnameViewController.h */,
				0A1DE0C5195E9C5300ADF2FD /* kidnameViewController.m */,
				0A1DE0D6195ED55400ADF2FD /* secondViewController.h */,
				0A1DE0D7195ED55400ADF2FD /* secondViewController.m */,
				0A1DE0D3195ED48E00ADF2FD /* Storyboard.storyboard */,
				0A1DE0C8195E9D8600ADF2FD /* Numbers.h */,
				0A1DE0C9195E9D8600ADF2FD /* Numbers.m */,
				0A1DE0A6195E989300ADF2FD /* Images.xcassets */,
				0A1DE0A3195E989300ADF2FD /* kidname.xcdatamodeld */,
				0A1DE098195E989300ADF2FD /* Supporting Files */,
			);
			path = kidname;
			sourceTree = "<group>";
		};
		0A1DE098195E989300ADF2FD /* Supporting Files */ = {
			isa = PBXGroup;
			children = (
				0A1DE099195E989300ADF2FD /* kidname-Info.plist */,
				0A1DE09A195E989300ADF2FD /* InfoPlist.strings */,
				0A1DE09D195E989300ADF2FD /* main.m */,
				0A1DE09F195E989300ADF2FD /* kidname-Prefix.pch */,
			);
			name = "Supporting Files";
			sourceTree = "<group>";
		};
		0A1DE0B4195E989400ADF2FD /* kidnameTests */ = {
			isa = PBXGroup;
			children = (
				0A1DE0BA195E989400ADF2FD /* kidnameTests.m */,
				0A1DE0B5195E989400ADF2FD /* Supporting Files */,
			);
			path = kidnameTests;
			sourceTree = "<group>";
		};
		0A1DE0B5195E989400ADF2FD /* Supporting Files */ = {
			isa = PBXGroup;
			children = (
				0A1DE0B6195E989400ADF2FD /* kidnameTests-Info.plist */,
				0A1DE0B7195E989400ADF2FD /* InfoPlist.strings */,
			);
			name = "Supporting Files";
			sourceTree = "<group>";
		};
/* End PBXGroup section */

/* Begin PBXNativeTarget section */
		0A1DE08B195E989300ADF2FD /* kidname */ = {
			isa = PBXNativeTarget;
			buildConfigurationList = 0A1DE0BE195E989400ADF2FD /* Build configuration list for PBXNativeTarget "kidname" */;
			buildPhases = (
				0A1DE088195E989300ADF2FD /* Sources */,
				0A1DE089195E989300ADF2FD /* Frameworks */,
				0A1DE08A195E989300ADF2FD /* Resources */,
			);
			buildRules = (
			);
			dependencies = (
			);
			name = kidname;
			productName = kidname;
			productReference = 0A1DE08C195E989300ADF2FD /* kidname.app */;
			productType = "com.apple.product-type.application";
		};
		0A1DE0AB195E989400ADF2FD /* kidnameTests */ = {
			isa = PBXNativeTarget;
			buildConfigurationList = 0A1DE0C1195E989400ADF2FD /* Build configuration list for PBXNativeTarget "kidnameTests" */;
			buildPhases = (
				0A1DE0A8195E989400ADF2FD /* Sources */,
				0A1DE0A9195E989400ADF2FD /* Frameworks */,
				0A1DE0AA195E989400ADF2FD /* Resources */,
			);
			buildRules = (
			);
			dependencies = (
				0A1DE0B3195E989400ADF2FD /* PBXTargetDependency */,
			);
			name = kidnameTests;
			productName = kidnameTests;
			productReference = 0A1DE0AC195E989400ADF2FD /* kidnameTests.xctest */;
			productType = "com.apple.product-type.bundle.unit-test";
		};
/* End PBXNativeTarget section */

/* Begin PBXProject section */
		0A1DE084195E989300ADF2FD /* Project object */ = {
			isa = PBXProject;
			attributes = {
				LastUpgradeCheck = 0510;
				ORGANIZATIONNAME = "BSA Univ14";
				TargetAttributes = {
					0A1DE0AB195E989400ADF2FD = {
						TestTargetID = 0A1DE08B195E989300ADF2FD;
					};
				};
			};
			buildConfigurationList = 0A1DE087195E989300ADF2FD /* Build configuration list for PBXProject "kidname" */;
			compatibilityVersion = "Xcode 3.2";
			developmentRegion = English;
			hasScannedForEncodings = 0;
			knownRegions = (
				en,
			);
			mainGroup = 0A1DE083195E989300ADF2FD;
			productRefGroup = 0A1DE08D195E989300ADF2FD /* Products */;
			projectDirPath = "";
			projectRoot = "";
			targets = (
				0A1DE08B195E989300ADF2FD /* kidname */,
				0A1DE0AB195E989400ADF2FD /* kidnameTests */,
			);
		};
/* End PBXProject section */

/* Begin PBXResourcesBuildPhase section */
		0A1DE08A195E989300ADF2FD /* Resources */ = {
			isa = PBXResourcesBuildPhase;
			buildActionMask = 2147483647;
			files = (
				0A1DE09C195E989300ADF2FD /* InfoPlist.strings in Resources */,
				0A1DE0E1195EF88E00ADF2FD /* AcousticModelSpanish.bundle in Resources */,
				0A1DE0DF195EF88800ADF2FD /* AcousticModelEnglish.bundle in Resources */,
				0A1DE0A7195E989300ADF2FD /* Images.xcassets in Resources */,
				0A1DE0D4195ED48E00ADF2FD /* Storyboard.storyboard in Resources */,
			);
			runOnlyForDeploymentPostprocessing = 0;
		};
		0A1DE0AA195E989400ADF2FD /* Resources */ = {
			isa = PBXResourcesBuildPhase;
			buildActionMask = 2147483647;
			files = (
				0A1DE0B9195E989400ADF2FD /* InfoPlist.strings in Resources */,
				0A1DE0D5195ED48E00ADF2FD /* Storyboard.storyboard in Resources */,
			);
			runOnlyForDeploymentPostprocessing = 0;
		};
/* End PBXResourcesBuildPhase section */

/* Begin PBXSourcesBuildPhase section */
		0A1DE088195E989300ADF2FD /* Sources */ = {
			isa = PBXSourcesBuildPhase;
			buildActionMask = 2147483647;
			files = (
				0A1DE0A2195E989300ADF2FD /* AppDelegate.m in Sources */,
				0A1DE09E195E989300ADF2FD /* main.m in Sources */,
				0A1DE0CA195E9D8600ADF2FD /* Numbers.m in Sources */,
				0A1DE0C6195E9C5300ADF2FD /* kidnameViewController.m in Sources */,
				0A1DE0D8195ED55400ADF2FD /* secondViewController.m in Sources */,
				0A1DE0A5195E989300ADF2FD /* kidname.xcdatamodeld in Sources */,
			);
			runOnlyForDeploymentPostprocessing = 0;
		};
		0A1DE0A8195E989400ADF2FD /* Sources */ = {
			isa = PBXSourcesBuildPhase;
			buildActionMask = 2147483647;
			files = (
				0A1DE0D9195ED55400ADF2FD /* secondViewController.m in Sources */,
				0A1DE0C7195E9C5300ADF2FD /* kidnameViewController.m in Sources */,
				0A1DE0CB195E9D8600ADF2FD /* Numbers.m in Sources */,
				0A1DE0BB195E989400ADF2FD /* kidnameTests.m in Sources */,
			);
			runOnlyForDeploymentPostprocessing = 0;
		};
/* End PBXSourcesBuildPhase section */

/* Begin PBXTargetDependency section */
		0A1DE0B3195E989400ADF2FD /* PBXTargetDependency */ = {
			isa = PBXTargetDependency;
			target = 0A1DE08B195E989300ADF2FD /* kidname */;
			targetProxy = 0A1DE0B2195E989400ADF2FD /* PBXContainerItemProxy */;
		};
/* End PBXTargetDependency section */

/* Begin PBXVariantGroup section */
		0A1DE09A195E989300ADF2FD /* InfoPlist.strings */ = {
			isa = PBXVariantGroup;
			children = (
				0A1DE09B195E989300ADF2FD /* en */,
			);
			name = InfoPlist.strings;
			sourceTree = "<group>";
		};
		0A1DE0B7195E989400ADF2FD /* InfoPlist.strings */ = {
			isa = PBXVariantGroup;
			children = (
				0A1DE0B8195E989400ADF2FD /* en */,
			);
			name = InfoPlist.strings;
			sourceTree = "<group>";
		};
/* End PBXVariantGroup section */

/* Begin XCBuildConfiguration section */
		0A1DE0BC195E989400ADF2FD /* Debug */ = {
			isa = XCBuildConfiguration;
			buildSettings = {
				ALWAYS_SEARCH_USER_PATHS = NO;
				CLANG_CXX_LANGUAGE_STANDARD = "gnu++0x";
				CLANG_CXX_LIBRARY = "libc++";
				CLANG_ENABLE_MODULES = YES;
				CLANG_ENABLE_OBJC_ARC = YES;
				CLANG_WARN_BOOL_CONVERSION = YES;
				CLANG_WARN_CONSTANT_CONVERSION = YES;
				CLANG_WARN_DIRECT_OBJC_ISA_USAGE = YES_ERROR;
				CLANG_WARN_EMPTY_BODY = YES;
				CLANG_WARN_ENUM_CONVERSION = YES;
				CLANG_WARN_INT_CONVERSION = YES;
				CLANG_WARN_OBJC_ROOT_CLASS = YES_ERROR;
				CLANG_WARN__DUPLICATE_METHOD_MATCH = YES;
				"CODE_SIGN_IDENTITY[sdk=iphoneos*]" = "iPhone Developer";
				COPY_PHASE_STRIP = NO;
				GCC_C_LANGUAGE_STANDARD = gnu99;
				GCC_DYNAMIC_NO_PIC = NO;
				GCC_OPTIMIZATION_LEVEL = 0;
				GCC_PREPROCESSOR_DEFINITIONS = (
					"DEBUG=1",
					"$(inherited)",
				);
				GCC_SYMBOLS_PRIVATE_EXTERN = NO;
				GCC_WARN_64_TO_32_BIT_CONVERSION = YES;
				GCC_WARN_ABOUT_RETURN_TYPE = YES_ERROR;
				GCC_WARN_UNDECLARED_SELECTOR = YES;
				GCC_WARN_UNINITIALIZED_AUTOS = YES_AGGRESSIVE;
				GCC_WARN_UNUSED_FUNCTION = YES;
				GCC_WARN_UNUSED_VARIABLE = YES;
				IPHONEOS_DEPLOYMENT_TARGET = 7.1;
				ONLY_ACTIVE_ARCH = YES;
				SDKROOT = iphoneos;
				TARGETED_DEVICE_FAMILY = 2;
			};
			name = Debug;
		};
		0A1DE0BD195E989400ADF2FD /* Release */ = {
			isa = XCBuildConfiguration;
			buildSettings = {
				ALWAYS_SEARCH_USER_PATHS = NO;
				CLANG_CXX_LANGUAGE_STANDARD = "gnu++0x";
				CLANG_CXX_LIBRARY = "libc++";
				CLANG_ENABLE_MODULES = YES;
				CLANG_ENABLE_OBJC_ARC = YES;
				CLANG_WARN_BOOL_CONVERSION = YES;
				CLANG_WARN_CONSTANT_CONVERSION = YES;
				CLANG_WARN_DIRECT_OBJC_ISA_USAGE = YES_ERROR;
				CLANG_WARN_EMPTY_BODY = YES;
				CLANG_WARN_ENUM_CONVERSION = YES;
				CLANG_WARN_INT_CONVERSION = YES;
				CLANG_WARN_OBJC_ROOT_CLASS = YES_ERROR;
				CLANG_WARN__DUPLICATE_METHOD_MATCH = YES;
				"CODE_SIGN_IDENTITY[sdk=iphoneos*]" = "iPhone Developer";
				COPY_PHASE_STRIP = YES;
				ENABLE_NS_ASSERTIONS = NO;
				GCC_C_LANGUAGE_STANDARD = gnu99;
				GCC_WARN_64_TO_32_BIT_CONVERSION = YES;
				GCC_WARN_ABOUT_RETURN_TYPE = YES_ERROR;
				GCC_WARN_UNDECLARED_SELECTOR = YES;
				GCC_WARN_UNINITIALIZED_AUTOS = YES_AGGRESSIVE;
				GCC_WARN_UNUSED_FUNCTION = YES;
				GCC_WARN_UNUSED_VARIABLE = YES;
				IPHONEOS_DEPLOYMENT_TARGET = 7.1;
				SDKROOT = iphoneos;
				TARGETED_DEVICE_FAMILY = 2;
				VALIDATE_PRODUCT = YES;
			};
			name = Release;
		};
		0A1DE0BF195E989400ADF2FD /* Debug */ = {
			isa = XCBuildConfiguration;
			buildSettings = {
				ASSETCATALOG_COMPILER_APPICON_NAME = AppIcon;
				ASSETCATALOG_COMPILER_LAUNCHIMAGE_NAME = LaunchImage;
				FRAMEWORK_SEARCH_PATHS = (
					"$(inherited)",
					"$(PROJECT_DIR)",
				);
				GCC_PRECOMPILE_PREFIX_HEADER = YES;
				GCC_PREFIX_HEADER = "kidname/kidname-Prefix.pch";
				INFOPLIST_FILE = "kidname/kidname-Info.plist";
				PRODUCT_NAME = "$(TARGET_NAME)";
				WRAPPER_EXTENSION = app;
			};
			name = Debug;
		};
		0A1DE0C0195E989400ADF2FD /* Release */ = {
			isa = XCBuildConfiguration;
			buildSettings = {
				ASSETCATALOG_COMPILER_APPICON_NAME = AppIcon;
				ASSETCATALOG_COMPILER_LAUNCHIMAGE_NAME = LaunchImage;
				FRAMEWORK_SEARCH_PATHS = (
					"$(inherited)",
					"$(PROJECT_DIR)",
				);
				GCC_PRECOMPILE_PREFIX_HEADER = YES;
				GCC_PREFIX_HEADER = "kidname/kidname-Prefix.pch";
				INFOPLIST_FILE = "kidname/kidname-Info.plist";
				PRODUCT_NAME = "$(TARGET_NAME)";
				WRAPPER_EXTENSION = app;
			};
			name = Release;
		};
		0A1DE0C2195E989400ADF2FD /* Debug */ = {
			isa = XCBuildConfiguration;
			buildSettings = {
				BUNDLE_LOADER = "$(BUILT_PRODUCTS_DIR)/kidname.app/kidname";
				FRAMEWORK_SEARCH_PATHS = (
					"$(SDKROOT)/Developer/Library/Frameworks",
					"$(inherited)",
					"$(DEVELOPER_FRAMEWORKS_DIR)",
				);
				GCC_PRECOMPILE_PREFIX_HEADER = YES;
				GCC_PREFIX_HEADER = "kidname/kidname-Prefix.pch";
				GCC_PREPROCESSOR_DEFINITIONS = (
					"DEBUG=1",
					"$(inherited)",
				);
				INFOPLIST_FILE = "kidnameTests/kidnameTests-Info.plist";
				PRODUCT_NAME = "$(TARGET_NAME)";
				TEST_HOST = "$(BUNDLE_LOADER)";
				WRAPPER_EXTENSION = xctest;
			};
			name = Debug;
		};
		0A1DE0C3195E989400ADF2FD /* Release */ = {
			isa = XCBuildConfiguration;
			buildSettings = {
				BUNDLE_LOADER = "$(BUILT_PRODUCTS_DIR)/kidname.app/kidname";
				FRAMEWORK_SEARCH_PATHS = (
					"$(SDKROOT)/Developer/Library/Frameworks",
					"$(inherited)",
					"$(DEVELOPER_FRAMEWORKS_DIR)",
				);
				GCC_PRECOMPILE_PREFIX_HEADER = YES;
				GCC_PREFIX_HEADER = "kidname/kidname-Prefix.pch";
				INFOPLIST_FILE = "kidnameTests/kidnameTests-Info.plist";
				PRODUCT_NAME = "$(TARGET_NAME)";
				TEST_HOST = "$(BUNDLE_LOADER)";
				WRAPPER_EXTENSION = xctest;
			};
			name = Release;
		};
/* End XCBuildConfiguration section */

/* Begin XCConfigurationList section */
		0A1DE087195E989300ADF2FD /* Build configuration list for PBXProject "kidname" */ = {
			isa = XCConfigurationList;
			buildConfigurations = (
				0A1DE0BC195E989400ADF2FD /* Debug */,
				0A1DE0BD195E989400ADF2FD /* Release */,
			);
			defaultConfigurationIsVisible = 0;
			defaultConfigurationName = Release;
		};
		0A1DE0BE195E989400ADF2FD /* Build configuration list for PBXNativeTarget "kidname" */ = {
			isa = XCConfigurationList;
			buildConfigurations = (
				0A1DE0BF195E989400ADF2FD /* Debug */,
				0A1DE0C0195E989400ADF2FD /* Release */,
			);
			defaultConfigurationIsVisible = 0;
			defaultConfigurationName = Release;
		};
		0A1DE0C1195E989400ADF2FD /* Build configuration list for PBXNativeTarget "kidnameTests" */ = {
			isa = XCConfigurationList;
			buildConfigurations = (
				0A1DE0C2195E989400ADF2FD /* Debug */,
				0A1DE0C3195E989400ADF2FD /* Release */,
			);
			defaultConfigurationIsVisible = 0;
			defaultConfigurationName = Release;
		};
/* End XCConfigurationList section */

/* Begin XCVersionGroup section */
		0A1DE0A3195E989300ADF2FD /* kidname.xcdatamodeld */ = {
			isa = XCVersionGroup;
			children = (
				0A1DE0A4195E989300ADF2FD /* kidname.xcdatamodel */,
			);
			currentVersion = 0A1DE0A4195E989300ADF2FD /* kidname.xcdatamodel */;
			path = kidname.xcdatamodeld;
			sourceTree = "<group>";
			versionGroupType = wrapper.xcdatamodel;
		};
/* End XCVersionGroup section */
	};
	rootObject = 0A1DE084195E989300ADF2FD /* Project object */;
}
